
Microsoft Visual Studio Solution File, Format Version 12.00
# Visual Studio Version 17
VisualStudioVersion = 17.2.32602.215
MinimumVisualStudioVersion = 10.0.40219.1
Project("{FAE04EC0-301F-11D3-BF4B-00C04F79EFBC}") = "DataCollectionService", "DataCollectionService.csproj", "{DECC1A85-A17F-4854-98DF-B8275B913C49}"
EndProject
Global
	GlobalSection(SolutionConfigurationPlatforms) = preSolution
		Debug|Any CPU = Debug|Any CPU
		Release|Any CPU = Release|Any CPU
	EndGlobalSection
	GlobalSection(ProjectConfigurationPlatforms) = postSolution
		{DECC1A85-A17F-4854-98DF-B8275B913C49}.Debug|Any CPU.ActiveCfg = Debug|Any CPU
		{DECC1A85-A17F-4854-98DF-B8275B913C49}.Debug|Any CPU.Build.0 = Debug|Any CPU
		{DECC1A85-A17F-4854-98DF-B8275B913C49}.Release|Any CPU.ActiveCfg = Release|Any CPU
		{DECC1A85-A17F-4854-98DF-B8275B913C49}.Release|Any CPU.Build.0 = Release|Any CPU
	EndGlobalSection
	GlobalSection(SolutionProperties) = preSolution
		HideSolutionNode = FALSE
	EndGlobalSection
	GlobalSection(ExtensibilityGlobals) = postSolution
		SolutionGuid = {E8A100B1-B5A0-4621-961E-3FFECDDC08ED}
	EndGlobalSection
EndGlobal
